
Microsoft Visual Studio Solution File, Format Version 12.00
# Visual Studio Version 16
VisualStudioVersion = 16.0.29102.190
MinimumVisualStudioVersion = 10.0.40219.1
Project("{FAE04EC0-301F-11D3-BF4B-00C04F79EFBC}") = "Vidly", "Vidly\Vidly.csproj", "{D9EC9A67-541D-4AE7-8CA1-1CF214EE309C}"
EndProject
Global
	GlobalSection(SolutionConfigurationPlatforms) = preSolution
		Debug|Any CPU = Debug|Any CPU
		Release|Any CPU = Release|Any CPU
	EndGlobalSection
	GlobalSection(ProjectConfigurationPlatforms) = postSolution
		{D9EC9A67-541D-4AE7-8CA1-1CF214EE309C}.Debug|Any CPU.ActiveCfg = Debug|Any CPU
		{D9EC9A67-541D-4AE7-8CA1-1CF214EE309C}.Debug|Any CPU.Build.0 = Debug|Any CPU
		{D9EC9A67-541D-4AE7-8CA1-1CF214EE309C}.Release|Any CPU.ActiveCfg = Release|Any CPU
		{D9EC9A67-541D-4AE7-8CA1-1CF214EE309C}.Release|Any CPU.Build.0 = Release|Any CPU
	EndGlobalSection
	GlobalSection(SolutionProperties) = preSolution
		HideSolutionNode = FALSE
	EndGlobalSection
	GlobalSection(ExtensibilityGlobals) = postSolution
		SolutionGuid = {7F0989C0-A7EE-427A-ACE0-B67ADF7CC5F0}
	EndGlobalSection
EndGlobal
